{
  "nodes": {
    "nixpkgs": {
      "locked": {
        "lastModified": 1724691759,
        "narHash": "sha256-uFJ6ukyzvLPpq3GKZ+XydYTZLIU9XVg5x+k5HlZMe00=",
        "owner": "nixos",
        "repo": "nixpkgs",
        "rev": "31fb372aa93926f3e05401c7474cc560e197c765",
        "type": "github"
      },
      "original": {
        "owner": "nixos",
        "ref": "master",
        "repo": "nixpkgs",
        "type": "github"
      }
    },
    "root": {
      "inputs": {
        "nixpkgs": "nixpkgs"
      }
    }
  },
  "root": "root",
  "version": 7
}
