Microsoft Visual Studio Solution File, Format Version 12.00
# Visual Studio Version 17
VisualStudioVersion = 17.8.0.0
MinimumVisualStudioVersion = 17.8.0.0
Project("{9A19103F-16F7-4668-BE54-9A1E7A4F7556}") = "Placeholder.AppHost", "Placeholder.AppHost\Placeholder.AppHost.csproj", "{3BC98653-F574-43ED-B03B-6AF0A53A4A1A}"
EndProject
Project("{9A19103F-16F7-4668-BE54-9A1E7A4F7556}") = "Placeholder.ServiceDefaults", "Placeholder.ServiceDefaults\Placeholder.ServiceDefaults.csproj", "{D3866ECB-5AD7-452E-8325-238E21212BCB}"
EndProject
Project("{9A19103F-16F7-4668-BE54-9A1E7A4F7556}") = "Placeholder.ApiService", "Placeholder.ApiService\Placeholder.ApiService.csproj", "{183B5D50-7BB8-48F4-A0E3-28421CD8AE6F}"
EndProject
Project("{9A19103F-16F7-4668-BE54-9A1E7A4F7556}") = "Placeholder.Web", "Placeholder.Web\Placeholder.Web.csproj", "{C7C06E83-D349-4878-85FD-CD5E46E9AE91}"
EndProject
Project("{FAE04EC0-301F-11D3-BF4B-00C04F79EFBC}") = "Placeholder.Migration", "Placeholder.Migration\Placeholder.Migration.csproj", "{354B72C0-D06D-4221-82CB-A0F777C318D9}"
EndProject
Project("{FAE04EC0-301F-11D3-BF4B-00C04F79EFBC}") = "Placeholder.Core", "Placeholder.Core\Placeholder.Core.csproj", "{11F15CBF-8BAA-4165-A04F-A07A003E7AD2}"
EndProject
Global
	GlobalSection(SolutionConfigurationPlatforms) = preSolution
		Debug|Any CPU = Debug|Any CPU
		Release|Any CPU = Release|Any CPU
	EndGlobalSection
	GlobalSection(ProjectConfigurationPlatforms) = postSolution
		{3BC98653-F574-43ED-B03B-6AF0A53A4A1A}.Debug|Any CPU.ActiveCfg = Debug|Any CPU
		{3BC98653-F574-43ED-B03B-6AF0A53A4A1A}.Debug|Any CPU.Build.0 = Debug|Any CPU
		{3BC98653-F574-43ED-B03B-6AF0A53A4A1A}.Release|Any CPU.ActiveCfg = Release|Any CPU
		{3BC98653-F574-43ED-B03B-6AF0A53A4A1A}.Release|Any CPU.Build.0 = Release|Any CPU
		{D3866ECB-5AD7-452E-8325-238E21212BCB}.Debug|Any CPU.ActiveCfg = Debug|Any CPU
		{D3866ECB-5AD7-452E-8325-238E21212BCB}.Debug|Any CPU.Build.0 = Debug|Any CPU
		{D3866ECB-5AD7-452E-8325-238E21212BCB}.Release|Any CPU.ActiveCfg = Release|Any CPU
		{D3866ECB-5AD7-452E-8325-238E21212BCB}.Release|Any CPU.Build.0 = Release|Any CPU
		{183B5D50-7BB8-48F4-A0E3-28421CD8AE6F}.Debug|Any CPU.ActiveCfg = Debug|Any CPU
		{183B5D50-7BB8-48F4-A0E3-28421CD8AE6F}.Debug|Any CPU.Build.0 = Debug|Any CPU
		{183B5D50-7BB8-48F4-A0E3-28421CD8AE6F}.Release|Any CPU.ActiveCfg = Release|Any CPU
		{183B5D50-7BB8-48F4-A0E3-28421CD8AE6F}.Release|Any CPU.Build.0 = Release|Any CPU
		{C7C06E83-D349-4878-85FD-CD5E46E9AE91}.Debug|Any CPU.ActiveCfg = Debug|Any CPU
		{C7C06E83-D349-4878-85FD-CD5E46E9AE91}.Debug|Any CPU.Build.0 = Debug|Any CPU
		{C7C06E83-D349-4878-85FD-CD5E46E9AE91}.Release|Any CPU.ActiveCfg = Release|Any CPU
		{C7C06E83-D349-4878-85FD-CD5E46E9AE91}.Release|Any CPU.Build.0 = Release|Any CPU
		{354B72C0-D06D-4221-82CB-A0F777C318D9}.Debug|Any CPU.ActiveCfg = Debug|Any CPU
		{354B72C0-D06D-4221-82CB-A0F777C318D9}.Debug|Any CPU.Build.0 = Debug|Any CPU
		{354B72C0-D06D-4221-82CB-A0F777C318D9}.Release|Any CPU.ActiveCfg = Release|Any CPU
		{354B72C0-D06D-4221-82CB-A0F777C318D9}.Release|Any CPU.Build.0 = Release|Any CPU
		{11F15CBF-8BAA-4165-A04F-A07A003E7AD2}.Debug|Any CPU.ActiveCfg = Debug|Any CPU
		{11F15CBF-8BAA-4165-A04F-A07A003E7AD2}.Debug|Any CPU.Build.0 = Debug|Any CPU
		{11F15CBF-8BAA-4165-A04F-A07A003E7AD2}.Release|Any CPU.ActiveCfg = Release|Any CPU
		{11F15CBF-8BAA-4165-A04F-A07A003E7AD2}.Release|Any CPU.Build.0 = Release|Any CPU
	EndGlobalSection
	GlobalSection(SolutionProperties) = preSolution
		HideSolutionNode = FALSE
	EndGlobalSection
	GlobalSection(ExtensibilityGlobals) = postSolution
		SolutionGuid = {A8E5FFFA-0155-4641-9175-1336BD5D9A4A}
	EndGlobalSection
EndGlobal
